
Microsoft Visual Studio Solution File, Format Version 12.00
# Visual Studio Version 16
VisualStudioVersion = 16.0.31729.503
MinimumVisualStudioVersion = 10.0.40219.1
Project("{FAE04EC0-301F-11D3-BF4B-00C04F79EFBC}") = "_School_", "_School_\_School_.csproj", "{A7B57AFC-49C4-48FC-A0CE-045AC720D710}"
EndProject
Global
	GlobalSection(SolutionConfigurationPlatforms) = preSolution
		Debug|Any CPU = Debug|Any CPU
		Release|Any CPU = Release|Any CPU
	EndGlobalSection
	GlobalSection(ProjectConfigurationPlatforms) = postSolution
		{A7B57AFC-49C4-48FC-A0CE-045AC720D710}.Debug|Any CPU.ActiveCfg = Debug|Any CPU
		{A7B57AFC-49C4-48FC-A0CE-045AC720D710}.Debug|Any CPU.Build.0 = Debug|Any CPU
		{A7B57AFC-49C4-48FC-A0CE-045AC720D710}.Release|Any CPU.ActiveCfg = Release|Any CPU
		{A7B57AFC-49C4-48FC-A0CE-045AC720D710}.Release|Any CPU.Build.0 = Release|Any CPU
	EndGlobalSection
	GlobalSection(SolutionProperties) = preSolution
		HideSolutionNode = FALSE
	EndGlobalSection
	GlobalSection(ExtensibilityGlobals) = postSolution
		SolutionGuid = {9D3324CF-0DE3-49C7-8A81-14963A3A753A}
	EndGlobalSection
EndGlobal
